Microsoft Visual Studio Solution File, Format Version 12.00
# Visual Studio 2013
VisualStudioVersion = 12.0.30501.0
MinimumVisualStudioVersion = 10.0.40219.1
Project("{8ACCB833-BAA4-4AC3-9C3B-90867999A585}") = "1415_Styven_Creation", "1415_Styven_Creation.vcxproj", "{36112FB1-E2D2-4CF3-93F9-A0050758C4EA}"
EndProject
Global
	GlobalSection(SolutionConfigurationPlatforms) = preSolution
		Android|Win32 = Android|Win32
		Debug|Win32 = Debug|Win32
		PS3|Win32 = PS3|Win32
		PSP|Win32 = PSP|Win32
		Release|Win32 = Release|Win32
	EndGlobalSection
	GlobalSection(ProjectConfigurationPlatforms) = postSolution
		{36112FB1-E2D2-4CF3-93F9-A0050758C4EA}.Android|Win32.ActiveCfg = Android|Win32
		{36112FB1-E2D2-4CF3-93F9-A0050758C4EA}.Android|Win32.Build.0 = Android|Win32
		{36112FB1-E2D2-4CF3-93F9-A0050758C4EA}.Debug|Win32.ActiveCfg = Debug|Win32
		{36112FB1-E2D2-4CF3-93F9-A0050758C4EA}.Debug|Win32.Build.0 = Debug|Win32
		{36112FB1-E2D2-4CF3-93F9-A0050758C4EA}.PS3|Win32.ActiveCfg = PS3|Win32
		{36112FB1-E2D2-4CF3-93F9-A0050758C4EA}.PS3|Win32.Build.0 = PS3|Win32
		{36112FB1-E2D2-4CF3-93F9-A0050758C4EA}.PSP|Win32.ActiveCfg = PSP|Win32
		{36112FB1-E2D2-4CF3-93F9-A0050758C4EA}.PSP|Win32.Build.0 = PSP|Win32
		{36112FB1-E2D2-4CF3-93F9-A0050758C4EA}.Release|Win32.ActiveCfg = Release|Win32
		{36112FB1-E2D2-4CF3-93F9-A0050758C4EA}.Release|Win32.Build.0 = Release|Win32
	EndGlobalSection
	GlobalSection(SolutionProperties) = preSolution
		HideSolutionNode = FALSE
	EndGlobalSection
EndGlobal
